
Microsoft Visual Studio Solution File, Format Version 12.00
# Visual Studio Version 16
VisualStudioVersion = 16.0.28917.181
MinimumVisualStudioVersion = 15.0.26124.0
Project("{2150E333-8FDC-42A3-9474-1A3956D46DE8}") = "src", "src", "{E3B590F2-0BE3-44A3-A864-2B67EAA9467A}"
EndProject
Project("{9A19103F-16F7-4668-BE54-9A1E7A4F7556}") = "Documents", "src\Shared\Documents\Documents.csproj", "{8BE9B33D-62D4-4952-A146-7E3E5EF1157C}"
EndProject
Project("{9A19103F-16F7-4668-BE54-9A1E7A4F7556}") = "Events", "src\Shared\Events\Events.csproj", "{3F94E818-A9B6-4507-A40E-92C0699776F9}"
EndProject
Project("{9A19103F-16F7-4668-BE54-9A1E7A4F7556}") = "Host", "src\Api\Host\Host.csproj", "{232DA0FC-60D1-4693-85EA-DE3A9AB57401}"
EndProject
Project("{9A19103F-16F7-4668-BE54-9A1E7A4F7556}") = "Data", "src\Shared\Data\Data.csproj", "{714E5C98-3058-4C0C-9847-EC10DF73B20D}"
EndProject
Project("{9A19103F-16F7-4668-BE54-9A1E7A4F7556}") = "Core", "src\Shared\Core\Core.csproj", "{C8EE1C68-B830-494C-AE7E-5D1C2FC36EDF}"
EndProject
Project("{2150E333-8FDC-42A3-9474-1A3956D46DE8}") = "Api", "Api", "{6364676A-C88D-4966-8E7F-1E130F7A230A}"
EndProject
Project("{9A19103F-16F7-4668-BE54-9A1E7A4F7556}") = "Application", "src\Api\Application\Application.csproj", "{6F9A6777-6975-4C4F-8BFB-4A285B14224C}"
EndProject
Project("{2150E333-8FDC-42A3-9474-1A3956D46DE8}") = "Indexers", "Indexers", "{5B2F61D1-8210-4150-BEA1-7962533F6D2C}"
EndProject
Project("{9A19103F-16F7-4668-BE54-9A1E7A4F7556}") = "Host", "src\Indexers\BlockIndexer\Host\Host.csproj", "{9F204F17-218D-4505-B70A-06298F683AF1}"
EndProject
Project("{2150E333-8FDC-42A3-9474-1A3956D46DE8}") = "Shared", "Shared", "{83EE16C6-077E-427B-B56D-B6E92305C489}"
EndProject
Project("{9A19103F-16F7-4668-BE54-9A1E7A4F7556}") = "Search", "src\Api\Search\Search.csproj", "{165C2F65-224E-4A69-86D2-455DE2B7AB6C}"
EndProject
Project("{2150E333-8FDC-42A3-9474-1A3956D46DE8}") = "BlockIndexer", "BlockIndexer", "{145E8210-2743-4803-B216-AAF6C2572AF1}"
EndProject
Project("{9A19103F-16F7-4668-BE54-9A1E7A4F7556}") = "Host", "src\Indexers\AddressIndexer\Host\Host.csproj", "{AB76F2BD-9C2A-4D6A-AD39-4C742CD60B3D}"
EndProject
Project("{2150E333-8FDC-42A3-9474-1A3956D46DE8}") = "AddressIndexer", "AddressIndexer", "{E5B1DEF7-9C69-4179-9E56-ED072955FE2A}"
EndProject
Project("{2150E333-8FDC-42A3-9474-1A3956D46DE8}") = "StatsIndexer", "StatsIndexer", "{FD854B5C-A28F-4CC7-9DC1-669A7484754C}"
EndProject
Project("{9A19103F-16F7-4668-BE54-9A1E7A4F7556}") = "Host", "src\Indexers\StatsIndexer\Host\Host.csproj", "{489B4E33-73D8-4CC2-9367-89DE5990E69C}"
EndProject
Project("{2150E333-8FDC-42A3-9474-1A3956D46DE8}") = "Shared", "Shared", "{6BC991C3-06FB-43DF-97FD-0F6D7E248FED}"
EndProject
Project("{FAE04EC0-301F-11D3-BF4B-00C04F79EFBC}") = "HostBase", "src\Indexers\Shared\HostBase\HostBase\HostBase.csproj", "{15276B8A-1D05-4AD1-A054-E0BF4C6707DE}"
EndProject
Global
	GlobalSection(SolutionConfigurationPlatforms) = preSolution
		Debug|Any CPU = Debug|Any CPU
		Debug|x64 = Debug|x64
		Debug|x86 = Debug|x86
		Release|Any CPU = Release|Any CPU
		Release|x64 = Release|x64
		Release|x86 = Release|x86
	EndGlobalSection
	GlobalSection(ProjectConfigurationPlatforms) = postSolution
		{8BE9B33D-62D4-4952-A146-7E3E5EF1157C}.Debug|Any CPU.ActiveCfg = Debug|Any CPU
		{8BE9B33D-62D4-4952-A146-7E3E5EF1157C}.Debug|Any CPU.Build.0 = Debug|Any CPU
		{8BE9B33D-62D4-4952-A146-7E3E5EF1157C}.Debug|x64.ActiveCfg = Debug|Any CPU
		{8BE9B33D-62D4-4952-A146-7E3E5EF1157C}.Debug|x64.Build.0 = Debug|Any CPU
		{8BE9B33D-62D4-4952-A146-7E3E5EF1157C}.Debug|x86.ActiveCfg = Debug|Any CPU
		{8BE9B33D-62D4-4952-A146-7E3E5EF1157C}.Debug|x86.Build.0 = Debug|Any CPU
		{8BE9B33D-62D4-4952-A146-7E3E5EF1157C}.Release|Any CPU.ActiveCfg = Release|Any CPU
		{8BE9B33D-62D4-4952-A146-7E3E5EF1157C}.Release|Any CPU.Build.0 = Release|Any CPU
		{8BE9B33D-62D4-4952-A146-7E3E5EF1157C}.Release|x64.ActiveCfg = Release|Any CPU
		{8BE9B33D-62D4-4952-A146-7E3E5EF1157C}.Release|x64.Build.0 = Release|Any CPU
		{8BE9B33D-62D4-4952-A146-7E3E5EF1157C}.Release|x86.ActiveCfg = Release|Any CPU
		{8BE9B33D-62D4-4952-A146-7E3E5EF1157C}.Release|x86.Build.0 = Release|Any CPU
		{3F94E818-A9B6-4507-A40E-92C0699776F9}.Debug|Any CPU.ActiveCfg = Debug|Any CPU
		{3F94E818-A9B6-4507-A40E-92C0699776F9}.Debug|Any CPU.Build.0 = Debug|Any CPU
		{3F94E818-A9B6-4507-A40E-92C0699776F9}.Debug|x64.ActiveCfg = Debug|Any CPU
		{3F94E818-A9B6-4507-A40E-92C0699776F9}.Debug|x64.Build.0 = Debug|Any CPU
		{3F94E818-A9B6-4507-A40E-92C0699776F9}.Debug|x86.ActiveCfg = Debug|Any CPU
		{3F94E818-A9B6-4507-A40E-92C0699776F9}.Debug|x86.Build.0 = Debug|Any CPU
		{3F94E818-A9B6-4507-A40E-92C0699776F9}.Release|Any CPU.ActiveCfg = Release|Any CPU
		{3F94E818-A9B6-4507-A40E-92C0699776F9}.Release|Any CPU.Build.0 = Release|Any CPU
		{3F94E818-A9B6-4507-A40E-92C0699776F9}.Release|x64.ActiveCfg = Release|Any CPU
		{3F94E818-A9B6-4507-A40E-92C0699776F9}.Release|x64.Build.0 = Release|Any CPU
		{3F94E818-A9B6-4507-A40E-92C0699776F9}.Release|x86.ActiveCfg = Release|Any CPU
		{3F94E818-A9B6-4507-A40E-92C0699776F9}.Release|x86.Build.0 = Release|Any CPU
		{232DA0FC-60D1-4693-85EA-DE3A9AB57401}.Debug|Any CPU.ActiveCfg = Debug|Any CPU
		{232DA0FC-60D1-4693-85EA-DE3A9AB57401}.Debug|Any CPU.Build.0 = Debug|Any CPU
		{232DA0FC-60D1-4693-85EA-DE3A9AB57401}.Debug|x64.ActiveCfg = Debug|Any CPU
		{232DA0FC-60D1-4693-85EA-DE3A9AB57401}.Debug|x64.Build.0 = Debug|Any CPU
		{232DA0FC-60D1-4693-85EA-DE3A9AB57401}.Debug|x86.ActiveCfg = Debug|Any CPU
		{232DA0FC-60D1-4693-85EA-DE3A9AB57401}.Debug|x86.Build.0 = Debug|Any CPU
		{232DA0FC-60D1-4693-85EA-DE3A9AB57401}.Release|Any CPU.ActiveCfg = Release|Any CPU
		{232DA0FC-60D1-4693-85EA-DE3A9AB57401}.Release|Any CPU.Build.0 = Release|Any CPU
		{232DA0FC-60D1-4693-85EA-DE3A9AB57401}.Release|x64.ActiveCfg = Release|Any CPU
		{232DA0FC-60D1-4693-85EA-DE3A9AB57401}.Release|x64.Build.0 = Release|Any CPU
		{232DA0FC-60D1-4693-85EA-DE3A9AB57401}.Release|x86.ActiveCfg = Release|Any CPU
		{232DA0FC-60D1-4693-85EA-DE3A9AB57401}.Release|x86.Build.0 = Release|Any CPU
		{714E5C98-3058-4C0C-9847-EC10DF73B20D}.Debug|Any CPU.ActiveCfg = Debug|Any CPU
		{714E5C98-3058-4C0C-9847-EC10DF73B20D}.Debug|Any CPU.Build.0 = Debug|Any CPU
		{714E5C98-3058-4C0C-9847-EC10DF73B20D}.Debug|x64.ActiveCfg = Debug|Any CPU
		{714E5C98-3058-4C0C-9847-EC10DF73B20D}.Debug|x64.Build.0 = Debug|Any CPU
		{714E5C98-3058-4C0C-9847-EC10DF73B20D}.Debug|x86.ActiveCfg = Debug|Any CPU
		{714E5C98-3058-4C0C-9847-EC10DF73B20D}.Debug|x86.Build.0 = Debug|Any CPU
		{714E5C98-3058-4C0C-9847-EC10DF73B20D}.Release|Any CPU.ActiveCfg = Release|Any CPU
		{714E5C98-3058-4C0C-9847-EC10DF73B20D}.Release|Any CPU.Build.0 = Release|Any CPU
		{714E5C98-3058-4C0C-9847-EC10DF73B20D}.Release|x64.ActiveCfg = Release|Any CPU
		{714E5C98-3058-4C0C-9847-EC10DF73B20D}.Release|x64.Build.0 = Release|Any CPU
		{714E5C98-3058-4C0C-9847-EC10DF73B20D}.Release|x86.ActiveCfg = Release|Any CPU
		{714E5C98-3058-4C0C-9847-EC10DF73B20D}.Release|x86.Build.0 = Release|Any CPU
		{C8EE1C68-B830-494C-AE7E-5D1C2FC36EDF}.Debug|Any CPU.ActiveCfg = Debug|Any CPU
		{C8EE1C68-B830-494C-AE7E-5D1C2FC36EDF}.Debug|Any CPU.Build.0 = Debug|Any CPU
		{C8EE1C68-B830-494C-AE7E-5D1C2FC36EDF}.Debug|x64.ActiveCfg = Debug|Any CPU
		{C8EE1C68-B830-494C-AE7E-5D1C2FC36EDF}.Debug|x64.Build.0 = Debug|Any CPU
		{C8EE1C68-B830-494C-AE7E-5D1C2FC36EDF}.Debug|x86.ActiveCfg = Debug|Any CPU
		{C8EE1C68-B830-494C-AE7E-5D1C2FC36EDF}.Debug|x86.Build.0 = Debug|Any CPU
		{C8EE1C68-B830-494C-AE7E-5D1C2FC36EDF}.Release|Any CPU.ActiveCfg = Release|Any CPU
		{C8EE1C68-B830-494C-AE7E-5D1C2FC36EDF}.Release|Any CPU.Build.0 = Release|Any CPU
		{C8EE1C68-B830-494C-AE7E-5D1C2FC36EDF}.Release|x64.ActiveCfg = Release|Any CPU
		{C8EE1C68-B830-494C-AE7E-5D1C2FC36EDF}.Release|x64.Build.0 = Release|Any CPU
		{C8EE1C68-B830-494C-AE7E-5D1C2FC36EDF}.Release|x86.ActiveCfg = Release|Any CPU
		{C8EE1C68-B830-494C-AE7E-5D1C2FC36EDF}.Release|x86.Build.0 = Release|Any CPU
		{6F9A6777-6975-4C4F-8BFB-4A285B14224C}.Debug|Any CPU.ActiveCfg = Debug|Any CPU
		{6F9A6777-6975-4C4F-8BFB-4A285B14224C}.Debug|Any CPU.Build.0 = Debug|Any CPU
		{6F9A6777-6975-4C4F-8BFB-4A285B14224C}.Debug|x64.ActiveCfg = Debug|Any CPU
		{6F9A6777-6975-4C4F-8BFB-4A285B14224C}.Debug|x64.Build.0 = Debug|Any CPU
		{6F9A6777-6975-4C4F-8BFB-4A285B14224C}.Debug|x86.ActiveCfg = Debug|Any CPU
		{6F9A6777-6975-4C4F-8BFB-4A285B14224C}.Debug|x86.Build.0 = Debug|Any CPU
		{6F9A6777-6975-4C4F-8BFB-4A285B14224C}.Release|Any CPU.ActiveCfg = Release|Any CPU
		{6F9A6777-6975-4C4F-8BFB-4A285B14224C}.Release|Any CPU.Build.0 = Release|Any CPU
		{6F9A6777-6975-4C4F-8BFB-4A285B14224C}.Release|x64.ActiveCfg = Release|Any CPU
		{6F9A6777-6975-4C4F-8BFB-4A285B14224C}.Release|x64.Build.0 = Release|Any CPU
		{6F9A6777-6975-4C4F-8BFB-4A285B14224C}.Release|x86.ActiveCfg = Release|Any CPU
		{6F9A6777-6975-4C4F-8BFB-4A285B14224C}.Release|x86.Build.0 = Release|Any CPU
		{9F204F17-218D-4505-B70A-06298F683AF1}.Debug|Any CPU.ActiveCfg = Debug|Any CPU
		{9F204F17-218D-4505-B70A-06298F683AF1}.Debug|Any CPU.Build.0 = Debug|Any CPU
		{9F204F17-218D-4505-B70A-06298F683AF1}.Debug|x64.ActiveCfg = Debug|Any CPU
		{9F204F17-218D-4505-B70A-06298F683AF1}.Debug|x64.Build.0 = Debug|Any CPU
		{9F204F17-218D-4505-B70A-06298F683AF1}.Debug|x86.ActiveCfg = Debug|Any CPU
		{9F204F17-218D-4505-B70A-06298F683AF1}.Debug|x86.Build.0 = Debug|Any CPU
		{9F204F17-218D-4505-B70A-06298F683AF1}.Release|Any CPU.ActiveCfg = Release|Any CPU
		{9F204F17-218D-4505-B70A-06298F683AF1}.Release|Any CPU.Build.0 = Release|Any CPU
		{9F204F17-218D-4505-B70A-06298F683AF1}.Release|x64.ActiveCfg = Release|Any CPU
		{9F204F17-218D-4505-B70A-06298F683AF1}.Release|x64.Build.0 = Release|Any CPU
		{9F204F17-218D-4505-B70A-06298F683AF1}.Release|x86.ActiveCfg = Release|Any CPU
		{9F204F17-218D-4505-B70A-06298F683AF1}.Release|x86.Build.0 = Release|Any CPU
		{165C2F65-224E-4A69-86D2-455DE2B7AB6C}.Debug|Any CPU.ActiveCfg = Debug|Any CPU
		{165C2F65-224E-4A69-86D2-455DE2B7AB6C}.Debug|Any CPU.Build.0 = Debug|Any CPU
		{165C2F65-224E-4A69-86D2-455DE2B7AB6C}.Debug|x64.ActiveCfg = Debug|Any CPU
		{165C2F65-224E-4A69-86D2-455DE2B7AB6C}.Debug|x64.Build.0 = Debug|Any CPU
		{165C2F65-224E-4A69-86D2-455DE2B7AB6C}.Debug|x86.ActiveCfg = Debug|Any CPU
		{165C2F65-224E-4A69-86D2-455DE2B7AB6C}.Debug|x86.Build.0 = Debug|Any CPU
		{165C2F65-224E-4A69-86D2-455DE2B7AB6C}.Release|Any CPU.ActiveCfg = Release|Any CPU
		{165C2F65-224E-4A69-86D2-455DE2B7AB6C}.Release|Any CPU.Build.0 = Release|Any CPU
		{165C2F65-224E-4A69-86D2-455DE2B7AB6C}.Release|x64.ActiveCfg = Release|Any CPU
		{165C2F65-224E-4A69-86D2-455DE2B7AB6C}.Release|x64.Build.0 = Release|Any CPU
		{165C2F65-224E-4A69-86D2-455DE2B7AB6C}.Release|x86.ActiveCfg = Release|Any CPU
		{165C2F65-224E-4A69-86D2-455DE2B7AB6C}.Release|x86.Build.0 = Release|Any CPU
		{AB76F2BD-9C2A-4D6A-AD39-4C742CD60B3D}.Debug|Any CPU.ActiveCfg = Debug|Any CPU
		{AB76F2BD-9C2A-4D6A-AD39-4C742CD60B3D}.Debug|Any CPU.Build.0 = Debug|Any CPU
		{AB76F2BD-9C2A-4D6A-AD39-4C742CD60B3D}.Debug|x64.ActiveCfg = Debug|Any CPU
		{AB76F2BD-9C2A-4D6A-AD39-4C742CD60B3D}.Debug|x64.Build.0 = Debug|Any CPU
		{AB76F2BD-9C2A-4D6A-AD39-4C742CD60B3D}.Debug|x86.ActiveCfg = Debug|Any CPU
		{AB76F2BD-9C2A-4D6A-AD39-4C742CD60B3D}.Debug|x86.Build.0 = Debug|Any CPU
		{AB76F2BD-9C2A-4D6A-AD39-4C742CD60B3D}.Release|Any CPU.ActiveCfg = Release|Any CPU
		{AB76F2BD-9C2A-4D6A-AD39-4C742CD60B3D}.Release|Any CPU.Build.0 = Release|Any CPU
		{AB76F2BD-9C2A-4D6A-AD39-4C742CD60B3D}.Release|x64.ActiveCfg = Release|Any CPU
		{AB76F2BD-9C2A-4D6A-AD39-4C742CD60B3D}.Release|x64.Build.0 = Release|Any CPU
		{AB76F2BD-9C2A-4D6A-AD39-4C742CD60B3D}.Release|x86.ActiveCfg = Release|Any CPU
		{AB76F2BD-9C2A-4D6A-AD39-4C742CD60B3D}.Release|x86.Build.0 = Release|Any CPU
		{489B4E33-73D8-4CC2-9367-89DE5990E69C}.Debug|Any CPU.ActiveCfg = Debug|Any CPU
		{489B4E33-73D8-4CC2-9367-89DE5990E69C}.Debug|Any CPU.Build.0 = Debug|Any CPU
		{489B4E33-73D8-4CC2-9367-89DE5990E69C}.Debug|x64.ActiveCfg = Debug|Any CPU
		{489B4E33-73D8-4CC2-9367-89DE5990E69C}.Debug|x64.Build.0 = Debug|Any CPU
		{489B4E33-73D8-4CC2-9367-89DE5990E69C}.Debug|x86.ActiveCfg = Debug|Any CPU
		{489B4E33-73D8-4CC2-9367-89DE5990E69C}.Debug|x86.Build.0 = Debug|Any CPU
		{489B4E33-73D8-4CC2-9367-89DE5990E69C}.Release|Any CPU.ActiveCfg = Release|Any CPU
		{489B4E33-73D8-4CC2-9367-89DE5990E69C}.Release|Any CPU.Build.0 = Release|Any CPU
		{489B4E33-73D8-4CC2-9367-89DE5990E69C}.Release|x64.ActiveCfg = Release|Any CPU
		{489B4E33-73D8-4CC2-9367-89DE5990E69C}.Release|x64.Build.0 = Release|Any CPU
		{489B4E33-73D8-4CC2-9367-89DE5990E69C}.Release|x86.ActiveCfg = Release|Any CPU
		{489B4E33-73D8-4CC2-9367-89DE5990E69C}.Release|x86.Build.0 = Release|Any CPU
		{15276B8A-1D05-4AD1-A054-E0BF4C6707DE}.Debug|Any CPU.ActiveCfg = Debug|Any CPU
		{15276B8A-1D05-4AD1-A054-E0BF4C6707DE}.Debug|Any CPU.Build.0 = Debug|Any CPU
		{15276B8A-1D05-4AD1-A054-E0BF4C6707DE}.Debug|x64.ActiveCfg = Debug|Any CPU
		{15276B8A-1D05-4AD1-A054-E0BF4C6707DE}.Debug|x64.Build.0 = Debug|Any CPU
		{15276B8A-1D05-4AD1-A054-E0BF4C6707DE}.Debug|x86.ActiveCfg = Debug|Any CPU
		{15276B8A-1D05-4AD1-A054-E0BF4C6707DE}.Debug|x86.Build.0 = Debug|Any CPU
		{15276B8A-1D05-4AD1-A054-E0BF4C6707DE}.Release|Any CPU.ActiveCfg = Release|Any CPU
		{15276B8A-1D05-4AD1-A054-E0BF4C6707DE}.Release|Any CPU.Build.0 = Release|Any CPU
		{15276B8A-1D05-4AD1-A054-E0BF4C6707DE}.Release|x64.ActiveCfg = Release|Any CPU
		{15276B8A-1D05-4AD1-A054-E0BF4C6707DE}.Release|x64.Build.0 = Release|Any CPU
		{15276B8A-1D05-4AD1-A054-E0BF4C6707DE}.Release|x86.ActiveCfg = Release|Any CPU
		{15276B8A-1D05-4AD1-A054-E0BF4C6707DE}.Release|x86.Build.0 = Release|Any CPU
	EndGlobalSection
	GlobalSection(SolutionProperties) = preSolution
		HideSolutionNode = FALSE
	EndGlobalSection
	GlobalSection(NestedProjects) = preSolution
		{8BE9B33D-62D4-4952-A146-7E3E5EF1157C} = {83EE16C6-077E-427B-B56D-B6E92305C489}
		{3F94E818-A9B6-4507-A40E-92C0699776F9} = {83EE16C6-077E-427B-B56D-B6E92305C489}
		{232DA0FC-60D1-4693-85EA-DE3A9AB57401} = {6364676A-C88D-4966-8E7F-1E130F7A230A}
		{714E5C98-3058-4C0C-9847-EC10DF73B20D} = {83EE16C6-077E-427B-B56D-B6E92305C489}
		{C8EE1C68-B830-494C-AE7E-5D1C2FC36EDF} = {83EE16C6-077E-427B-B56D-B6E92305C489}
		{6364676A-C88D-4966-8E7F-1E130F7A230A} = {E3B590F2-0BE3-44A3-A864-2B67EAA9467A}
		{6F9A6777-6975-4C4F-8BFB-4A285B14224C} = {6364676A-C88D-4966-8E7F-1E130F7A230A}
		{5B2F61D1-8210-4150-BEA1-7962533F6D2C} = {E3B590F2-0BE3-44A3-A864-2B67EAA9467A}
		{9F204F17-218D-4505-B70A-06298F683AF1} = {145E8210-2743-4803-B216-AAF6C2572AF1}
		{83EE16C6-077E-427B-B56D-B6E92305C489} = {E3B590F2-0BE3-44A3-A864-2B67EAA9467A}
		{165C2F65-224E-4A69-86D2-455DE2B7AB6C} = {6364676A-C88D-4966-8E7F-1E130F7A230A}
		{145E8210-2743-4803-B216-AAF6C2572AF1} = {5B2F61D1-8210-4150-BEA1-7962533F6D2C}
		{AB76F2BD-9C2A-4D6A-AD39-4C742CD60B3D} = {E5B1DEF7-9C69-4179-9E56-ED072955FE2A}
		{E5B1DEF7-9C69-4179-9E56-ED072955FE2A} = {5B2F61D1-8210-4150-BEA1-7962533F6D2C}
		{FD854B5C-A28F-4CC7-9DC1-669A7484754C} = {5B2F61D1-8210-4150-BEA1-7962533F6D2C}
		{489B4E33-73D8-4CC2-9367-89DE5990E69C} = {FD854B5C-A28F-4CC7-9DC1-669A7484754C}
		{6BC991C3-06FB-43DF-97FD-0F6D7E248FED} = {5B2F61D1-8210-4150-BEA1-7962533F6D2C}
		{15276B8A-1D05-4AD1-A054-E0BF4C6707DE} = {6BC991C3-06FB-43DF-97FD-0F6D7E248FED}
	EndGlobalSection
	GlobalSection(ExtensibilityGlobals) = postSolution
		SolutionGuid = {B8C3070B-22C5-4AD6-AE66-DC081781EDCD}
	EndGlobalSection
EndGlobal
