
Microsoft Visual Studio Solution File, Format Version 12.00
# Visual Studio Version 16
VisualStudioVersion = 16.0.28917.181
MinimumVisualStudioVersion = 15.0.26124.0
Project("{2150E333-8FDC-42A3-9474-1A3956D46DE8}") = "src", "src", "{E3B590F2-0BE3-44A3-A864-2B67EAA9467A}"
EndProject
Project("{9A19103F-16F7-4668-BE54-9A1E7A4F7556}") = "Periscope.Api", "src\Periscope.Api\Periscope.Api.csproj", "{232DA0FC-60D1-4693-85EA-DE3A9AB57401}"
EndProject
Project("{9A19103F-16F7-4668-BE54-9A1E7A4F7556}") = "Periscope.Core", "src\Periscope.Core\Periscope.Core.csproj", "{C8EE1C68-B830-494C-AE7E-5D1C2FC36EDF}"
EndProject
Project("{9A19103F-16F7-4668-BE54-9A1E7A4F7556}") = "Periscope.Jobs", "src\Periscope.Jobs\Periscope.Jobs.csproj", "{15276B8A-1D05-4AD1-A054-E0BF4C6707DE}"
EndProject
Project("{FAE04EC0-301F-11D3-BF4B-00C04F79EFBC}") = "Periscope.Insulation", "src\Periscope.Insulation\Periscope.Insulation.csproj", "{CC864431-8458-4B01-B255-F2B6A2633772}"
EndProject
Global
	GlobalSection(SolutionConfigurationPlatforms) = preSolution
		Debug|Any CPU = Debug|Any CPU
		Debug|x64 = Debug|x64
		Debug|x86 = Debug|x86
		Release|Any CPU = Release|Any CPU
		Release|x64 = Release|x64
		Release|x86 = Release|x86
	EndGlobalSection
	GlobalSection(ProjectConfigurationPlatforms) = postSolution
		{232DA0FC-60D1-4693-85EA-DE3A9AB57401}.Debug|Any CPU.ActiveCfg = Debug|Any CPU
		{232DA0FC-60D1-4693-85EA-DE3A9AB57401}.Debug|Any CPU.Build.0 = Debug|Any CPU
		{232DA0FC-60D1-4693-85EA-DE3A9AB57401}.Debug|x64.ActiveCfg = Debug|Any CPU
		{232DA0FC-60D1-4693-85EA-DE3A9AB57401}.Debug|x64.Build.0 = Debug|Any CPU
		{232DA0FC-60D1-4693-85EA-DE3A9AB57401}.Debug|x86.ActiveCfg = Debug|Any CPU
		{232DA0FC-60D1-4693-85EA-DE3A9AB57401}.Debug|x86.Build.0 = Debug|Any CPU
		{232DA0FC-60D1-4693-85EA-DE3A9AB57401}.Release|Any CPU.ActiveCfg = Release|Any CPU
		{232DA0FC-60D1-4693-85EA-DE3A9AB57401}.Release|Any CPU.Build.0 = Release|Any CPU
		{232DA0FC-60D1-4693-85EA-DE3A9AB57401}.Release|x64.ActiveCfg = Release|Any CPU
		{232DA0FC-60D1-4693-85EA-DE3A9AB57401}.Release|x64.Build.0 = Release|Any CPU
		{232DA0FC-60D1-4693-85EA-DE3A9AB57401}.Release|x86.ActiveCfg = Release|Any CPU
		{232DA0FC-60D1-4693-85EA-DE3A9AB57401}.Release|x86.Build.0 = Release|Any CPU
		{C8EE1C68-B830-494C-AE7E-5D1C2FC36EDF}.Debug|Any CPU.ActiveCfg = Debug|Any CPU
		{C8EE1C68-B830-494C-AE7E-5D1C2FC36EDF}.Debug|Any CPU.Build.0 = Debug|Any CPU
		{C8EE1C68-B830-494C-AE7E-5D1C2FC36EDF}.Debug|x64.ActiveCfg = Debug|Any CPU
		{C8EE1C68-B830-494C-AE7E-5D1C2FC36EDF}.Debug|x64.Build.0 = Debug|Any CPU
		{C8EE1C68-B830-494C-AE7E-5D1C2FC36EDF}.Debug|x86.ActiveCfg = Debug|Any CPU
		{C8EE1C68-B830-494C-AE7E-5D1C2FC36EDF}.Debug|x86.Build.0 = Debug|Any CPU
		{C8EE1C68-B830-494C-AE7E-5D1C2FC36EDF}.Release|Any CPU.ActiveCfg = Release|Any CPU
		{C8EE1C68-B830-494C-AE7E-5D1C2FC36EDF}.Release|Any CPU.Build.0 = Release|Any CPU
		{C8EE1C68-B830-494C-AE7E-5D1C2FC36EDF}.Release|x64.ActiveCfg = Release|Any CPU
		{C8EE1C68-B830-494C-AE7E-5D1C2FC36EDF}.Release|x64.Build.0 = Release|Any CPU
		{C8EE1C68-B830-494C-AE7E-5D1C2FC36EDF}.Release|x86.ActiveCfg = Release|Any CPU
		{C8EE1C68-B830-494C-AE7E-5D1C2FC36EDF}.Release|x86.Build.0 = Release|Any CPU
		{15276B8A-1D05-4AD1-A054-E0BF4C6707DE}.Debug|Any CPU.ActiveCfg = Debug|Any CPU
		{15276B8A-1D05-4AD1-A054-E0BF4C6707DE}.Debug|Any CPU.Build.0 = Debug|Any CPU
		{15276B8A-1D05-4AD1-A054-E0BF4C6707DE}.Debug|x64.ActiveCfg = Debug|Any CPU
		{15276B8A-1D05-4AD1-A054-E0BF4C6707DE}.Debug|x64.Build.0 = Debug|Any CPU
		{15276B8A-1D05-4AD1-A054-E0BF4C6707DE}.Debug|x86.ActiveCfg = Debug|Any CPU
		{15276B8A-1D05-4AD1-A054-E0BF4C6707DE}.Debug|x86.Build.0 = Debug|Any CPU
		{15276B8A-1D05-4AD1-A054-E0BF4C6707DE}.Release|Any CPU.ActiveCfg = Release|Any CPU
		{15276B8A-1D05-4AD1-A054-E0BF4C6707DE}.Release|Any CPU.Build.0 = Release|Any CPU
		{15276B8A-1D05-4AD1-A054-E0BF4C6707DE}.Release|x64.ActiveCfg = Release|Any CPU
		{15276B8A-1D05-4AD1-A054-E0BF4C6707DE}.Release|x64.Build.0 = Release|Any CPU
		{15276B8A-1D05-4AD1-A054-E0BF4C6707DE}.Release|x86.ActiveCfg = Release|Any CPU
		{15276B8A-1D05-4AD1-A054-E0BF4C6707DE}.Release|x86.Build.0 = Release|Any CPU
		{CC864431-8458-4B01-B255-F2B6A2633772}.Debug|Any CPU.ActiveCfg = Debug|Any CPU
		{CC864431-8458-4B01-B255-F2B6A2633772}.Debug|Any CPU.Build.0 = Debug|Any CPU
		{CC864431-8458-4B01-B255-F2B6A2633772}.Debug|x64.ActiveCfg = Debug|Any CPU
		{CC864431-8458-4B01-B255-F2B6A2633772}.Debug|x64.Build.0 = Debug|Any CPU
		{CC864431-8458-4B01-B255-F2B6A2633772}.Debug|x86.ActiveCfg = Debug|Any CPU
		{CC864431-8458-4B01-B255-F2B6A2633772}.Debug|x86.Build.0 = Debug|Any CPU
		{CC864431-8458-4B01-B255-F2B6A2633772}.Release|Any CPU.ActiveCfg = Release|Any CPU
		{CC864431-8458-4B01-B255-F2B6A2633772}.Release|Any CPU.Build.0 = Release|Any CPU
		{CC864431-8458-4B01-B255-F2B6A2633772}.Release|x64.ActiveCfg = Release|Any CPU
		{CC864431-8458-4B01-B255-F2B6A2633772}.Release|x64.Build.0 = Release|Any CPU
		{CC864431-8458-4B01-B255-F2B6A2633772}.Release|x86.ActiveCfg = Release|Any CPU
		{CC864431-8458-4B01-B255-F2B6A2633772}.Release|x86.Build.0 = Release|Any CPU
	EndGlobalSection
	GlobalSection(SolutionProperties) = preSolution
		HideSolutionNode = FALSE
	EndGlobalSection
	GlobalSection(NestedProjects) = preSolution
		{232DA0FC-60D1-4693-85EA-DE3A9AB57401} = {E3B590F2-0BE3-44A3-A864-2B67EAA9467A}
		{C8EE1C68-B830-494C-AE7E-5D1C2FC36EDF} = {E3B590F2-0BE3-44A3-A864-2B67EAA9467A}
		{15276B8A-1D05-4AD1-A054-E0BF4C6707DE} = {E3B590F2-0BE3-44A3-A864-2B67EAA9467A}
		{CC864431-8458-4B01-B255-F2B6A2633772} = {E3B590F2-0BE3-44A3-A864-2B67EAA9467A}
	EndGlobalSection
	GlobalSection(ExtensibilityGlobals) = postSolution
		SolutionGuid = {B8C3070B-22C5-4AD6-AE66-DC081781EDCD}
	EndGlobalSection
EndGlobal
